// !$*UTF8*$!
{
	archiveVersion = 1;
	classes = {
	};
	objectVersion = 77;
	objects = {

/* Begin PBXBuildFile section */
		088BE260C5665F3508B8DCFF /* SettingsModel.swift in Sources */ = {isa = PBXBuildFile; fileRef = 1BED776385A7D7E9C7DB3964 /* SettingsModel.swift */; };
		156A5C08B9D2AF6C1FDA39EC /* assets in Resources */ = {isa = PBXBuildFile; fileRef = DDEDC1F2767AE200DCB06FCC /* assets */; };
		1FDEDB5A30F25DD7AC1515BA /* bridge.js in Resources */ = {isa = PBXBuildFile; fileRef = 8C711A18EDFB4C41953CE564 /* bridge.js */; };
		303CE849AAD21555541BE900 /* bridge.js in Resources */ = {isa = PBXBuildFile; fileRef = 8C711A18EDFB4C41953CE564 /* bridge.js */; };
		3481D03E0851ACFA3460E71B /* chunks in Resources */ = {isa = PBXBuildFile; fileRef = D68A33B912555316D7F36FC1 /* chunks */; };
		369F77F183AEDCFF41BC83D9 /* icons in Resources */ = {isa = PBXBuildFile; fileRef = 3D44F6641F3678243367E103 /* icons */; };
		41EBD2878CD35FC19653683B /* FeedlessSafari iOS Extension.appex in Embed Foundation Extensions */ = {isa = PBXBuildFile; fileRef = C241AF31B95A62C15414B79D /* FeedlessSafari iOS Extension.appex */; settings = {ATTRIBUTES = (RemoveHeadersOnCopy, ); }; };
		59F37FFA1C64BA1E13A8A31C /* manifest.json in Resources */ = {isa = PBXBuildFile; fileRef = 16BB091392D33429D3638AB1 /* manifest.json */; };
		5BD75046740E411345AAB776 /* Assets.xcassets in Resources */ = {isa = PBXBuildFile; fileRef = FC104523D667988C74BA810C /* Assets.xcassets */; };
		5D1BDD3C14F468D1B08EE609 /* options.html in Resources */ = {isa = PBXBuildFile; fileRef = 3D68370D031F231FDA644B7B /* options.html */; };
		5D8F5162E0DC597934568F58 /* SafariWebExtensionHandler.swift in Sources */ = {isa = PBXBuildFile; fileRef = 17F3A82B5B6AF09AD813555B /* SafariWebExtensionHandler.swift */; };
		5E2BA27AE75757459FEE11DF /* icon.svg in Resources */ = {isa = PBXBuildFile; fileRef = 34200DF9DE540A26EA628372 /* icon.svg */; };
		5E656751C6CCEB5F7EA6ECFA /* assets in Resources */ = {isa = PBXBuildFile; fileRef = DDEDC1F2767AE200DCB06FCC /* assets */; };
		67D3F837697ADAA7693482F0 /* background.js in Resources */ = {isa = PBXBuildFile; fileRef = 19E399038BDF0611016AEE64 /* background.js */; };
		7065845158A745A9C4AD77C2 /* FeedlessSafari macOS Extension.appex in Embed Foundation Extensions */ = {isa = PBXBuildFile; fileRef = DD39A3EA02FDDC092C6CCC19 /* FeedlessSafari macOS Extension.appex */; settings = {ATTRIBUTES = (RemoveHeadersOnCopy, ); }; };
		7286E050CF25F857F5948C18 /* SettingsModel.swift in Sources */ = {isa = PBXBuildFile; fileRef = 1BED776385A7D7E9C7DB3964 /* SettingsModel.swift */; };
		88D7E752917750AA1B66F51F /* icon.svg in Resources */ = {isa = PBXBuildFile; fileRef = 34200DF9DE540A26EA628372 /* icon.svg */; };
		8C7486EEF9F77EE45AFECB03 /* SettingsView.swift in Sources */ = {isa = PBXBuildFile; fileRef = D08B623647ADF849A3575D29 /* SettingsView.swift */; };
		8F68FD4550CAD06F2155B68E /* SettingsView.swift in Sources */ = {isa = PBXBuildFile; fileRef = A5D39AD63BC6E1C514020397 /* SettingsView.swift */; };
		91240C67751FA2B6FDF4EA55 /* content-scripts in Resources */ = {isa = PBXBuildFile; fileRef = E3EFDF25F5C1E627A29DA35C /* content-scripts */; };
		A724C00B35DA8452AD48D438 /* options.html in Resources */ = {isa = PBXBuildFile; fileRef = 3D68370D031F231FDA644B7B /* options.html */; };
		AF4768695C4EF337D8F8419E /* SafariWebExtensionHandler.swift in Sources */ = {isa = PBXBuildFile; fileRef = 17F3A82B5B6AF09AD813555B /* SafariWebExtensionHandler.swift */; };
		B478EE30DEEEFF8E8793AEDC /* content-scripts in Resources */ = {isa = PBXBuildFile; fileRef = E3EFDF25F5C1E627A29DA35C /* content-scripts */; };
		B5440ADF12F55A84C3D810BB /* AppDelegate.swift in Sources */ = {isa = PBXBuildFile; fileRef = 20186AC9B8809FB29F7AAFB8 /* AppDelegate.swift */; };
		C6E93F15FC3E7B4F1A22D900 /* AppDelegate.swift in Sources */ = {isa = PBXBuildFile; fileRef = 252119F957D346359C8951BA /* AppDelegate.swift */; };
		C772926933244D59717B7B1B /* Assets.xcassets in Resources */ = {isa = PBXBuildFile; fileRef = FC104523D667988C74BA810C /* Assets.xcassets */; };
		CBEED8C420E44C5C935921D8 /* manifest.json in Resources */ = {isa = PBXBuildFile; fileRef = 16BB091392D33429D3638AB1 /* manifest.json */; };
		D84970493FA502C878EB5808 /* popup.html in Resources */ = {isa = PBXBuildFile; fileRef = 3BEC65D8687AE3F73D8EAE89 /* popup.html */; };
		DE58EF270C7D0C84DD5849C4 /* popup.html in Resources */ = {isa = PBXBuildFile; fileRef = 3BEC65D8687AE3F73D8EAE89 /* popup.html */; };
		E90D62B23D17A66AFD6DE6E4 /* chunks in Resources */ = {isa = PBXBuildFile; fileRef = D68A33B912555316D7F36FC1 /* chunks */; };
		EE1B05705EFAB4289C5ABFE9 /* SafariServices.framework in Frameworks */ = {isa = PBXBuildFile; fileRef = 96B50EAA96FBAE1CCACC24C1 /* SafariServices.framework */; };
		F0F2A08D7C5C304E12ADA116 /* background.js in Resources */ = {isa = PBXBuildFile; fileRef = 19E399038BDF0611016AEE64 /* background.js */; };
		F6B2B205B52E4D1B7F18C701 /* icons in Resources */ = {isa = PBXBuildFile; fileRef = 3D44F6641F3678243367E103 /* icons */; };
/* End PBXBuildFile section */

/* Begin PBXContainerItemProxy section */
		8804EC74836DB594018475E1 /* PBXContainerItemProxy */ = {
			isa = PBXContainerItemProxy;
			containerPortal = 61EED711B08BD71D9B06BF65 /* Project object */;
			proxyType = 1;
			remoteGlobalIDString = 598ADD220E41F2AEF269DB5F;
			remoteInfo = "FeedlessSafari iOS Extension";
		};
		C6B005D11CA2A1ADA8D144FE /* PBXContainerItemProxy */ = {
			isa = PBXContainerItemProxy;
			containerPortal = 61EED711B08BD71D9B06BF65 /* Project object */;
			proxyType = 1;
			remoteGlobalIDString = 3591DB79A488984536972577;
			remoteInfo = "FeedlessSafari macOS Extension";
		};
/* End PBXContainerItemProxy section */

/* Begin PBXCopyFilesBuildPhase section */
		9593B35E62FF32336F2A3515 /* Embed Foundation Extensions */ = {
			isa = PBXCopyFilesBuildPhase;
			buildActionMask = 2147483647;
			dstPath = "";
			dstSubfolderSpec = 13;
			files = (
				7065845158A745A9C4AD77C2 /* FeedlessSafari macOS Extension.appex in Embed Foundation Extensions */,
			);
			name = "Embed Foundation Extensions";
			runOnlyForDeploymentPostprocessing = 0;
		};
		B8A2003F3EA383353151B199 /* Embed Foundation Extensions */ = {
			isa = PBXCopyFilesBuildPhase;
			buildActionMask = 2147483647;
			dstPath = "";
			dstSubfolderSpec = 13;
			files = (
				41EBD2878CD35FC19653683B /* FeedlessSafari iOS Extension.appex in Embed Foundation Extensions */,
			);
			name = "Embed Foundation Extensions";
			runOnlyForDeploymentPostprocessing = 0;
		};
/* End PBXCopyFilesBuildPhase section */

/* Begin PBXFileReference section */
		16BB091392D33429D3638AB1 /* manifest.json */ = {isa = PBXFileReference; lastKnownFileType = text.json; path = manifest.json; sourceTree = "<group>"; };
		17F3A82B5B6AF09AD813555B /* SafariWebExtensionHandler.swift */ = {isa = PBXFileReference; lastKnownFileType = sourcecode.swift; path = SafariWebExtensionHandler.swift; sourceTree = "<group>"; };
		19E399038BDF0611016AEE64 /* background.js */ = {isa = PBXFileReference; lastKnownFileType = sourcecode.javascript; path = background.js; sourceTree = "<group>"; };
		1BED776385A7D7E9C7DB3964 /* SettingsModel.swift */ = {isa = PBXFileReference; lastKnownFileType = sourcecode.swift; path = SettingsModel.swift; sourceTree = "<group>"; };
		20186AC9B8809FB29F7AAFB8 /* AppDelegate.swift */ = {isa = PBXFileReference; lastKnownFileType = sourcecode.swift; path = AppDelegate.swift; sourceTree = "<group>"; };
		21BB50742BFE4461C7C02C2A /* FeedlessSafari.entitlements */ = {isa = PBXFileReference; lastKnownFileType = text.plist.entitlements; path = FeedlessSafari.entitlements; sourceTree = "<group>"; };
		252119F957D346359C8951BA /* AppDelegate.swift */ = {isa = PBXFileReference; lastKnownFileType = sourcecode.swift; path = AppDelegate.swift; sourceTree = "<group>"; };
		34200DF9DE540A26EA628372 /* icon.svg */ = {isa = PBXFileReference; path = icon.svg; sourceTree = "<group>"; };
		3BEC65D8687AE3F73D8EAE89 /* popup.html */ = {isa = PBXFileReference; lastKnownFileType = text.html; path = popup.html; sourceTree = "<group>"; };
		3D44F6641F3678243367E103 /* icons */ = {isa = PBXFileReference; lastKnownFileType = folder; name = icons; path = "Shared (Extension)/Resources/icons"; sourceTree = SOURCE_ROOT; };
		3D68370D031F231FDA644B7B /* options.html */ = {isa = PBXFileReference; lastKnownFileType = text.html; path = options.html; sourceTree = "<group>"; };
		6AB98E4A0F5F524558C84687 /* FeedlessSafari iOS.app */ = {isa = PBXFileReference; includeInIndex = 0; lastKnownFileType = wrapper.application; path = "FeedlessSafari iOS.app"; sourceTree = BUILT_PRODUCTS_DIR; };
		868BC8BEBE1CD5CE88C540D1 /* Info.plist */ = {isa = PBXFileReference; lastKnownFileType = text.plist; path = Info.plist; sourceTree = "<group>"; };
		8C711A18EDFB4C41953CE564 /* bridge.js */ = {isa = PBXFileReference; lastKnownFileType = sourcecode.javascript; path = bridge.js; sourceTree = "<group>"; };
		8D3D9A382898F28963241760 /* FeedlessSafari macOS.app */ = {isa = PBXFileReference; explicitFileType = wrapper.application; includeInIndex = 0; path = "FeedlessSafari macOS.app"; sourceTree = BUILT_PRODUCTS_DIR; };
		96B50EAA96FBAE1CCACC24C1 /* SafariServices.framework */ = {isa = PBXFileReference; lastKnownFileType = wrapper.framework; name = SafariServices.framework; path = System/Library/Frameworks/SafariServices.framework; sourceTree = SDKROOT; };
		A5D39AD63BC6E1C514020397 /* SettingsView.swift */ = {isa = PBXFileReference; lastKnownFileType = sourcecode.swift; path = SettingsView.swift; sourceTree = "<group>"; };
		C241AF31B95A62C15414B79D /* FeedlessSafari iOS Extension.appex */ = {isa = PBXFileReference; includeInIndex = 0; lastKnownFileType = "wrapper.app-extension"; path = "FeedlessSafari iOS Extension.appex"; sourceTree = BUILT_PRODUCTS_DIR; };
		D08B623647ADF849A3575D29 /* SettingsView.swift */ = {isa = PBXFileReference; lastKnownFileType = sourcecode.swift; path = SettingsView.swift; sourceTree = "<group>"; };
		D68A33B912555316D7F36FC1 /* chunks */ = {isa = PBXFileReference; lastKnownFileType = folder; name = chunks; path = "Shared (Extension)/Resources/chunks"; sourceTree = SOURCE_ROOT; };
		DD39A3EA02FDDC092C6CCC19 /* FeedlessSafari macOS Extension.appex */ = {isa = PBXFileReference; explicitFileType = "wrapper.app-extension"; includeInIndex = 0; path = "FeedlessSafari macOS Extension.appex"; sourceTree = BUILT_PRODUCTS_DIR; };
		DDEDC1F2767AE200DCB06FCC /* assets */ = {isa = PBXFileReference; lastKnownFileType = folder; name = assets; path = "Shared (Extension)/Resources/assets"; sourceTree = SOURCE_ROOT; };
		E3EFDF25F5C1E627A29DA35C /* content-scripts */ = {isa = PBXFileReference; lastKnownFileType = folder; name = "content-scripts"; path = "Shared (Extension)/Resources/content-scripts"; sourceTree = SOURCE_ROOT; };
		F3ECCD83E3E44F9EBE51FDAC /* Info.plist */ = {isa = PBXFileReference; lastKnownFileType = text.plist; path = Info.plist; sourceTree = "<group>"; };
		FC104523D667988C74BA810C /* Assets.xcassets */ = {isa = PBXFileReference; lastKnownFileType = folder.assetcatalog; path = Assets.xcassets; sourceTree = "<group>"; };
/* End PBXFileReference section */

/* Begin PBXFrameworksBuildPhase section */
		D763281DEBF64AB0588484CC /* Frameworks */ = {
			isa = PBXFrameworksBuildPhase;
			buildActionMask = 2147483647;
			files = (
				EE1B05705EFAB4289C5ABFE9 /* SafariServices.framework in Frameworks */,
			);
			runOnlyForDeploymentPostprocessing = 0;
		};
/* End PBXFrameworksBuildPhase section */

/* Begin PBXGroup section */
		24D5040D58AADF4237324023 /* macOS (App) */ = {
			isa = PBXGroup;
			children = (
				252119F957D346359C8951BA /* AppDelegate.swift */,
				21BB50742BFE4461C7C02C2A /* FeedlessSafari.entitlements */,
				F3ECCD83E3E44F9EBE51FDAC /* Info.plist */,
				A5D39AD63BC6E1C514020397 /* SettingsView.swift */,
			);
			path = "macOS (App)";
			sourceTree = "<group>";
		};
		A182631C81070035D0AF0914 /* Products */ = {
			isa = PBXGroup;
			children = (
				C241AF31B95A62C15414B79D /* FeedlessSafari iOS Extension.appex */,
				6AB98E4A0F5F524558C84687 /* FeedlessSafari iOS.app */,
				DD39A3EA02FDDC092C6CCC19 /* FeedlessSafari macOS Extension.appex */,
				8D3D9A382898F28963241760 /* FeedlessSafari macOS.app */,
			);
			name = Products;
			sourceTree = "<group>";
		};
		A2C996E36A18157D67C9DB08 /* iOS (App) */ = {
			isa = PBXGroup;
			children = (
				20186AC9B8809FB29F7AAFB8 /* AppDelegate.swift */,
				868BC8BEBE1CD5CE88C540D1 /* Info.plist */,
				D08B623647ADF849A3575D29 /* SettingsView.swift */,
			);
			path = "iOS (App)";
			sourceTree = "<group>";
		};
		A3BF5D370147E0657EBBA1D9 /* Shared (Extension) */ = {
			isa = PBXGroup;
			children = (
				17F3A82B5B6AF09AD813555B /* SafariWebExtensionHandler.swift */,
			);
			path = "Shared (Extension)";
			sourceTree = "<group>";
		};
		A61C89A4654001530A553BC7 /* Shared (App) */ = {
			isa = PBXGroup;
			children = (
				FC104523D667988C74BA810C /* Assets.xcassets */,
				1BED776385A7D7E9C7DB3964 /* SettingsModel.swift */,
			);
			path = "Shared (App)";
			sourceTree = "<group>";
		};
		CAFA3E050EFC03498CD81881 = {
			isa = PBXGroup;
			children = (
				A2C996E36A18157D67C9DB08 /* iOS (App) */,
				24D5040D58AADF4237324023 /* macOS (App) */,
				DE49E4D1AA55CCC00D61424A /* Resources */,
				A61C89A4654001530A553BC7 /* Shared (App) */,
				A3BF5D370147E0657EBBA1D9 /* Shared (Extension) */,
				DDEDC1F2767AE200DCB06FCC /* assets */,
				D68A33B912555316D7F36FC1 /* chunks */,
				E3EFDF25F5C1E627A29DA35C /* content-scripts */,
				3D44F6641F3678243367E103 /* icons */,
				F0790C90FA07E36F81C7B4EE /* Frameworks */,
				A182631C81070035D0AF0914 /* Products */,
			);
			sourceTree = "<group>";
		};
		DE49E4D1AA55CCC00D61424A /* Resources */ = {
			isa = PBXGroup;
			children = (
				19E399038BDF0611016AEE64 /* background.js */,
				8C711A18EDFB4C41953CE564 /* bridge.js */,
				34200DF9DE540A26EA628372 /* icon.svg */,
				16BB091392D33429D3638AB1 /* manifest.json */,
				3D68370D031F231FDA644B7B /* options.html */,
				3BEC65D8687AE3F73D8EAE89 /* popup.html */,
			);
			name = Resources;
			path = "Shared (Extension)/Resources";
			sourceTree = "<group>";
		};
		F0790C90FA07E36F81C7B4EE /* Frameworks */ = {
			isa = PBXGroup;
			children = (
				96B50EAA96FBAE1CCACC24C1 /* SafariServices.framework */,
			);
			name = Frameworks;
			sourceTree = "<group>";
		};
/* End PBXGroup section */

/* Begin PBXNativeTarget section */
		3591DB79A488984536972577 /* FeedlessSafari macOS Extension */ = {
			isa = PBXNativeTarget;
			buildConfigurationList = 2731DFE88D0B8F6048AED922 /* Build configuration list for PBXNativeTarget "FeedlessSafari macOS Extension" */;
			buildPhases = (
				0EE4D8B3326349476794CBDD /* Sources */,
				A2AA18A142048EC51B41B96F /* Resources */,
				D763281DEBF64AB0588484CC /* Frameworks */,
			);
			buildRules = (
			);
			dependencies = (
			);
			name = "FeedlessSafari macOS Extension";
			packageProductDependencies = (
			);
			productName = "FeedlessSafari macOS Extension";
			productReference = DD39A3EA02FDDC092C6CCC19 /* FeedlessSafari macOS Extension.appex */;
			productType = "com.apple.product-type.app-extension";
		};
		4A770E11648F5C4A793C4BF3 /* FeedlessSafari macOS */ = {
			isa = PBXNativeTarget;
			buildConfigurationList = 1A11B4276399B49DB03D8FD2 /* Build configuration list for PBXNativeTarget "FeedlessSafari macOS" */;
			buildPhases = (
				E3301F2758B4E65D6B693073 /* Sources */,
				847126C69479C608653B9178 /* Resources */,
				9593B35E62FF32336F2A3515 /* Embed Foundation Extensions */,
			);
			buildRules = (
			);
			dependencies = (
				4EF63E0B1F1EC92D8ED35741 /* PBXTargetDependency */,
			);
			name = "FeedlessSafari macOS";
			packageProductDependencies = (
			);
			productName = "FeedlessSafari macOS";
			productReference = 8D3D9A382898F28963241760 /* FeedlessSafari macOS.app */;
			productType = "com.apple.product-type.application";
		};
		58EDE6BC9745C2E0FB64B627 /* FeedlessSafari iOS */ = {
			isa = PBXNativeTarget;
			buildConfigurationList = 3E8F2F1655C0A8459C867D99 /* Build configuration list for PBXNativeTarget "FeedlessSafari iOS" */;
			buildPhases = (
				A17A8F379430A5F92CD6EF8F /* Sources */,
				DB213F04D8469BA9E513559C /* Resources */,
				B8A2003F3EA383353151B199 /* Embed Foundation Extensions */,
			);
			buildRules = (
			);
			dependencies = (
				A7FC2E0399DB19513E419669 /* PBXTargetDependency */,
			);
			name = "FeedlessSafari iOS";
			packageProductDependencies = (
			);
			productName = "FeedlessSafari iOS";
			productReference = 6AB98E4A0F5F524558C84687 /* FeedlessSafari iOS.app */;
			productType = "com.apple.product-type.application";
		};
		598ADD220E41F2AEF269DB5F /* FeedlessSafari iOS Extension */ = {
			isa = PBXNativeTarget;
			buildConfigurationList = CAF05BBD58F61136F9557012 /* Build configuration list for PBXNativeTarget "FeedlessSafari iOS Extension" */;
			buildPhases = (
				42BA0FFD7B2783556A1C2D8A /* Sources */,
				667814B288F58403B03FBDDA /* Resources */,
			);
			buildRules = (
			);
			dependencies = (
			);
			name = "FeedlessSafari iOS Extension";
			packageProductDependencies = (
			);
			productName = "FeedlessSafari iOS Extension";
			productReference = C241AF31B95A62C15414B79D /* FeedlessSafari iOS Extension.appex */;
			productType = "com.apple.product-type.app-extension";
		};
/* End PBXNativeTarget section */

/* Begin PBXProject section */
		61EED711B08BD71D9B06BF65 /* Project object */ = {
			isa = PBXProject;
			attributes = {
				BuildIndependentTargetsInParallel = YES;
				LastUpgradeCheck = 1430;
				TargetAttributes = {
					3591DB79A488984536972577 = {
						DevelopmentTeam = PFT954M73N;
						ProvisioningStyle = Automatic;
					};
					4A770E11648F5C4A793C4BF3 = {
						DevelopmentTeam = PFT954M73N;
						ProvisioningStyle = Automatic;
					};
					58EDE6BC9745C2E0FB64B627 = {
						DevelopmentTeam = PFT954M73N;
						ProvisioningStyle = Automatic;
					};
					598ADD220E41F2AEF269DB5F = {
						DevelopmentTeam = PFT954M73N;
						ProvisioningStyle = Automatic;
					};
				};
			};
			buildConfigurationList = BF446F70E6C10D220A9B742B /* Build configuration list for PBXProject "FeedlessSafari" */;
			developmentRegion = en;
			hasScannedForEncodings = 0;
			knownRegions = (
				Base,
				en,
			);
			mainGroup = CAFA3E050EFC03498CD81881;
			minimizedProjectReferenceProxies = 1;
			preferredProjectObjectVersion = 77;
			productRefGroup = A182631C81070035D0AF0914 /* Products */;
			projectDirPath = "";
			projectRoot = "";
			targets = (
				58EDE6BC9745C2E0FB64B627 /* FeedlessSafari iOS */,
				598ADD220E41F2AEF269DB5F /* FeedlessSafari iOS Extension */,
				4A770E11648F5C4A793C4BF3 /* FeedlessSafari macOS */,
				3591DB79A488984536972577 /* FeedlessSafari macOS Extension */,
			);
		};
/* End PBXProject section */

/* Begin PBXResourcesBuildPhase section */
		667814B288F58403B03FBDDA /* Resources */ = {
			isa = PBXResourcesBuildPhase;
			buildActionMask = 2147483647;
			files = (
				5E656751C6CCEB5F7EA6ECFA /* assets in Resources */,
				67D3F837697ADAA7693482F0 /* background.js in Resources */,
				1FDEDB5A30F25DD7AC1515BA /* bridge.js in Resources */,
				3481D03E0851ACFA3460E71B /* chunks in Resources */,
				91240C67751FA2B6FDF4EA55 /* content-scripts in Resources */,
				5E2BA27AE75757459FEE11DF /* icon.svg in Resources */,
				F6B2B205B52E4D1B7F18C701 /* icons in Resources */,
				CBEED8C420E44C5C935921D8 /* manifest.json in Resources */,
				A724C00B35DA8452AD48D438 /* options.html in Resources */,
				DE58EF270C7D0C84DD5849C4 /* popup.html in Resources */,
			);
			runOnlyForDeploymentPostprocessing = 0;
		};
		847126C69479C608653B9178 /* Resources */ = {
			isa = PBXResourcesBuildPhase;
			buildActionMask = 2147483647;
			files = (
				5BD75046740E411345AAB776 /* Assets.xcassets in Resources */,
			);
			runOnlyForDeploymentPostprocessing = 0;
		};
		A2AA18A142048EC51B41B96F /* Resources */ = {
			isa = PBXResourcesBuildPhase;
			buildActionMask = 2147483647;
			files = (
				156A5C08B9D2AF6C1FDA39EC /* assets in Resources */,
				F0F2A08D7C5C304E12ADA116 /* background.js in Resources */,
				303CE849AAD21555541BE900 /* bridge.js in Resources */,
				E90D62B23D17A66AFD6DE6E4 /* chunks in Resources */,
				B478EE30DEEEFF8E8793AEDC /* content-scripts in Resources */,
				88D7E752917750AA1B66F51F /* icon.svg in Resources */,
				369F77F183AEDCFF41BC83D9 /* icons in Resources */,
				59F37FFA1C64BA1E13A8A31C /* manifest.json in Resources */,
				5D1BDD3C14F468D1B08EE609 /* options.html in Resources */,
				D84970493FA502C878EB5808 /* popup.html in Resources */,
			);
			runOnlyForDeploymentPostprocessing = 0;
		};
		DB213F04D8469BA9E513559C /* Resources */ = {
			isa = PBXResourcesBuildPhase;
			buildActionMask = 2147483647;
			files = (
				C772926933244D59717B7B1B /* Assets.xcassets in Resources */,
			);
			runOnlyForDeploymentPostprocessing = 0;
		};
/* End PBXResourcesBuildPhase section */

/* Begin PBXSourcesBuildPhase section */
		0EE4D8B3326349476794CBDD /* Sources */ = {
			isa = PBXSourcesBuildPhase;
			buildActionMask = 2147483647;
			files = (
				AF4768695C4EF337D8F8419E /* SafariWebExtensionHandler.swift in Sources */,
			);
			runOnlyForDeploymentPostprocessing = 0;
		};
		42BA0FFD7B2783556A1C2D8A /* Sources */ = {
			isa = PBXSourcesBuildPhase;
			buildActionMask = 2147483647;
			files = (
				5D8F5162E0DC597934568F58 /* SafariWebExtensionHandler.swift in Sources */,
			);
			runOnlyForDeploymentPostprocessing = 0;
		};
		A17A8F379430A5F92CD6EF8F /* Sources */ = {
			isa = PBXSourcesBuildPhase;
			buildActionMask = 2147483647;
			files = (
				B5440ADF12F55A84C3D810BB /* AppDelegate.swift in Sources */,
				7286E050CF25F857F5948C18 /* SettingsModel.swift in Sources */,
				8C7486EEF9F77EE45AFECB03 /* SettingsView.swift in Sources */,
			);
			runOnlyForDeploymentPostprocessing = 0;
		};
		E3301F2758B4E65D6B693073 /* Sources */ = {
			isa = PBXSourcesBuildPhase;
			buildActionMask = 2147483647;
			files = (
				C6E93F15FC3E7B4F1A22D900 /* AppDelegate.swift in Sources */,
				088BE260C5665F3508B8DCFF /* SettingsModel.swift in Sources */,
				8F68FD4550CAD06F2155B68E /* SettingsView.swift in Sources */,
			);
			runOnlyForDeploymentPostprocessing = 0;
		};
/* End PBXSourcesBuildPhase section */

/* Begin PBXTargetDependency section */
		4EF63E0B1F1EC92D8ED35741 /* PBXTargetDependency */ = {
			isa = PBXTargetDependency;
			target = 3591DB79A488984536972577 /* FeedlessSafari macOS Extension */;
			targetProxy = C6B005D11CA2A1ADA8D144FE /* PBXContainerItemProxy */;
		};
		A7FC2E0399DB19513E419669 /* PBXTargetDependency */ = {
			isa = PBXTargetDependency;
			target = 598ADD220E41F2AEF269DB5F /* FeedlessSafari iOS Extension */;
			targetProxy = 8804EC74836DB594018475E1 /* PBXContainerItemProxy */;
		};
/* End PBXTargetDependency section */

/* Begin XCBuildConfiguration section */
		333679ADDFF1A258B9DD2FCD /* Release */ = {
			isa = XCBuildConfiguration;
			buildSettings = {
				ASSETCATALOG_COMPILER_APPICON_NAME = AppIcon;
				CODE_SIGN_IDENTITY = "iPhone Developer";
				CODE_SIGN_STYLE = Automatic;
				INFOPLIST_FILE = "iOS (App)/Info.plist";
				LD_RUNPATH_SEARCH_PATHS = (
					"$(inherited)",
					"@executable_path/Frameworks",
				);
				PRODUCT_BUNDLE_IDENTIFIER = "com.mattwagner.feedless-safari";
				PRODUCT_NAME = FeedlessSafari;
				SDKROOT = iphoneos;
				TARGETED_DEVICE_FAMILY = "1,2";
			};
			name = Release;
		};
		6092833FBA6567950A5813FD /* Release */ = {
			isa = XCBuildConfiguration;
			buildSettings = {
				CODE_SIGN_STYLE = Automatic;
				INFOPLIST_FILE = "iOS (Extension)/Info.plist";
				LD_RUNPATH_SEARCH_PATHS = (
					"$(inherited)",
					"@executable_path/Frameworks",
					"@executable_path/../../Frameworks",
				);
				PRODUCT_BUNDLE_IDENTIFIER = "com.mattwagner.feedless-safari.Extension";
				PRODUCT_NAME = "FeedlessSafari Extension";
				SDKROOT = iphoneos;
				TARGETED_DEVICE_FAMILY = "1,2";
			};
			name = Release;
		};
		6424F5DA2CCBA1EBF087796D /* Release */ = {
			isa = XCBuildConfiguration;
			buildSettings = {
				ALWAYS_SEARCH_USER_PATHS = NO;
				CLANG_ANALYZER_NONNULL = YES;
				CLANG_ANALYZER_NUMBER_OBJECT_CONVERSION = YES_AGGRESSIVE;
				CLANG_CXX_LANGUAGE_STANDARD = "gnu++14";
				CLANG_CXX_LIBRARY = "libc++";
				CLANG_ENABLE_MODULES = YES;
				CLANG_ENABLE_OBJC_ARC = YES;
				CLANG_ENABLE_OBJC_WEAK = YES;
				CLANG_WARN_BLOCK_CAPTURE_AUTORELEASING = YES;
				CLANG_WARN_BOOL_CONVERSION = YES;
				CLANG_WARN_COMMA = YES;
				CLANG_WARN_CONSTANT_CONVERSION = YES;
				CLANG_WARN_DEPRECATED_OBJC_IMPLEMENTATIONS = YES;
				CLANG_WARN_DIRECT_OBJC_ISA_USAGE = YES_ERROR;
				CLANG_WARN_DOCUMENTATION_COMMENTS = YES;
				CLANG_WARN_EMPTY_BODY = YES;
				CLANG_WARN_ENUM_CONVERSION = YES;
				CLANG_WARN_INFINITE_RECURSION = YES;
				CLANG_WARN_INT_CONVERSION = YES;
				CLANG_WARN_NON_LITERAL_NULL_CONVERSION = YES;
				CLANG_WARN_OBJC_IMPLICIT_RETAIN_SELF = YES;
				CLANG_WARN_OBJC_LITERAL_CONVERSION = YES;
				CLANG_WARN_OBJC_ROOT_CLASS = YES_ERROR;
				CLANG_WARN_QUOTED_INCLUDE_IN_FRAMEWORK_HEADER = YES;
				CLANG_WARN_RANGE_LOOP_ANALYSIS = YES;
				CLANG_WARN_STRICT_PROTOTYPES = YES;
				CLANG_WARN_SUSPICIOUS_MOVE = YES;
				CLANG_WARN_UNGUARDED_AVAILABILITY = YES_AGGRESSIVE;
				CLANG_WARN_UNREACHABLE_CODE = YES;
				CLANG_WARN__DUPLICATE_METHOD_MATCH = YES;
				COPY_PHASE_STRIP = NO;
				CURRENT_PROJECT_VERSION = 1;
				DEBUG_INFORMATION_FORMAT = "dwarf-with-dsym";
				DEVELOPMENT_TEAM = PFT954M73N;
				ENABLE_NS_ASSERTIONS = NO;
				ENABLE_STRICT_OBJC_MSGSEND = YES;
				GCC_C_LANGUAGE_STANDARD = gnu11;
				GCC_NO_COMMON_BLOCKS = YES;
				GCC_WARN_64_TO_32_BIT_CONVERSION = YES;
				GCC_WARN_ABOUT_RETURN_TYPE = YES_ERROR;
				GCC_WARN_UNDECLARED_SELECTOR = YES;
				GCC_WARN_UNINITIALIZED_AUTOS = YES_AGGRESSIVE;
				GCC_WARN_UNUSED_FUNCTION = YES;
				GCC_WARN_UNUSED_VARIABLE = YES;
				IPHONEOS_DEPLOYMENT_TARGET = 15.0;
				MACOSX_DEPLOYMENT_TARGET = 13.0;
				MTL_ENABLE_DEBUG_INFO = NO;
				MTL_FAST_MATH = YES;
				PRODUCT_NAME = "$(TARGET_NAME)";
				SWIFT_COMPILATION_MODE = wholemodule;
				SWIFT_OPTIMIZATION_LEVEL = "-O";
				SWIFT_VERSION = 5.0;
			};
			name = Release;
		};
		68350882B3F24B6002B8919C /* Debug */ = {
			isa = XCBuildConfiguration;
			buildSettings = {
				ASSETCATALOG_COMPILER_APPICON_NAME = AppIcon;
				CODE_SIGN_ENTITLEMENTS = "macOS (App)/FeedlessSafari.entitlements";
				CODE_SIGN_STYLE = Automatic;
				COMBINE_HIDPI_IMAGES = YES;
				INFOPLIST_FILE = "macOS (App)/Info.plist";
				LD_RUNPATH_SEARCH_PATHS = (
					"$(inherited)",
					"@executable_path/../Frameworks",
				);
				PRODUCT_BUNDLE_IDENTIFIER = "com.mattwagner.feedless-safari";
				PRODUCT_NAME = FeedlessSafari;
				SDKROOT = macosx;
			};
			name = Debug;
		};
		68BCACAD6FF1705D3C5B1293 /* Debug */ = {
			isa = XCBuildConfiguration;
			buildSettings = {
				ASSETCATALOG_COMPILER_APPICON_NAME = AppIcon;
				CODE_SIGN_IDENTITY = "iPhone Developer";
				CODE_SIGN_STYLE = Automatic;
				INFOPLIST_FILE = "iOS (App)/Info.plist";
				LD_RUNPATH_SEARCH_PATHS = (
					"$(inherited)",
					"@executable_path/Frameworks",
				);
				PRODUCT_BUNDLE_IDENTIFIER = "com.mattwagner.feedless-safari";
				PRODUCT_NAME = FeedlessSafari;
				SDKROOT = iphoneos;
				TARGETED_DEVICE_FAMILY = "1,2";
			};
			name = Debug;
		};
		84DF9A8F8AF4812D36C463CA /* Release */ = {
			isa = XCBuildConfiguration;
			buildSettings = {
				CODE_SIGN_ENTITLEMENTS = "macOS (Extension)/FeedlessSafariExtension.entitlements";
				CODE_SIGN_STYLE = Automatic;
				COMBINE_HIDPI_IMAGES = YES;
				INFOPLIST_FILE = "macOS (Extension)/Info.plist";
				LD_RUNPATH_SEARCH_PATHS = (
					"$(inherited)",
					"@executable_path/../Frameworks",
					"@executable_path/../../../../Frameworks",
				);
				PRODUCT_BUNDLE_IDENTIFIER = "com.mattwagner.feedless-safari.Extension";
				PRODUCT_NAME = "FeedlessSafari Extension";
				SDKROOT = macosx;
			};
			name = Release;
		};
		88644BC653CB64F24C9BA414 /* Debug */ = {
			isa = XCBuildConfiguration;
			buildSettings = {
				CODE_SIGN_ENTITLEMENTS = "macOS (Extension)/FeedlessSafariExtension.entitlements";
				CODE_SIGN_STYLE = Automatic;
				COMBINE_HIDPI_IMAGES = YES;
				INFOPLIST_FILE = "macOS (Extension)/Info.plist";
				LD_RUNPATH_SEARCH_PATHS = (
					"$(inherited)",
					"@executable_path/../Frameworks",
					"@executable_path/../../../../Frameworks",
				);
				PRODUCT_BUNDLE_IDENTIFIER = "com.mattwagner.feedless-safari.Extension";
				PRODUCT_NAME = "FeedlessSafari Extension";
				SDKROOT = macosx;
			};
			name = Debug;
		};
		A92C3484E67996537A835ECF /* Release */ = {
			isa = XCBuildConfiguration;
			buildSettings = {
				ASSETCATALOG_COMPILER_APPICON_NAME = AppIcon;
				CODE_SIGN_ENTITLEMENTS = "macOS (App)/FeedlessSafari.entitlements";
				CODE_SIGN_STYLE = Automatic;
				COMBINE_HIDPI_IMAGES = YES;
				INFOPLIST_FILE = "macOS (App)/Info.plist";
				LD_RUNPATH_SEARCH_PATHS = (
					"$(inherited)",
					"@executable_path/../Frameworks",
				);
				PRODUCT_BUNDLE_IDENTIFIER = "com.mattwagner.feedless-safari";
				PRODUCT_NAME = FeedlessSafari;
				SDKROOT = macosx;
			};
			name = Release;
		};
		C01E0474955FCAE21C9D6CE5 /* Debug */ = {
			isa = XCBuildConfiguration;
			buildSettings = {
				ALWAYS_SEARCH_USER_PATHS = NO;
				CLANG_ANALYZER_NONNULL = YES;
				CLANG_ANALYZER_NUMBER_OBJECT_CONVERSION = YES_AGGRESSIVE;
				CLANG_CXX_LANGUAGE_STANDARD = "gnu++14";
				CLANG_CXX_LIBRARY = "libc++";
				CLANG_ENABLE_MODULES = YES;
				CLANG_ENABLE_OBJC_ARC = YES;
				CLANG_ENABLE_OBJC_WEAK = YES;
				CLANG_WARN_BLOCK_CAPTURE_AUTORELEASING = YES;
				CLANG_WARN_BOOL_CONVERSION = YES;
				CLANG_WARN_COMMA = YES;
				CLANG_WARN_CONSTANT_CONVERSION = YES;
				CLANG_WARN_DEPRECATED_OBJC_IMPLEMENTATIONS = YES;
				CLANG_WARN_DIRECT_OBJC_ISA_USAGE = YES_ERROR;
				CLANG_WARN_DOCUMENTATION_COMMENTS = YES;
				CLANG_WARN_EMPTY_BODY = YES;
				CLANG_WARN_ENUM_CONVERSION = YES;
				CLANG_WARN_INFINITE_RECURSION = YES;
				CLANG_WARN_INT_CONVERSION = YES;
				CLANG_WARN_NON_LITERAL_NULL_CONVERSION = YES;
				CLANG_WARN_OBJC_IMPLICIT_RETAIN_SELF = YES;
				CLANG_WARN_OBJC_LITERAL_CONVERSION = YES;
				CLANG_WARN_OBJC_ROOT_CLASS = YES_ERROR;
				CLANG_WARN_QUOTED_INCLUDE_IN_FRAMEWORK_HEADER = YES;
				CLANG_WARN_RANGE_LOOP_ANALYSIS = YES;
				CLANG_WARN_STRICT_PROTOTYPES = YES;
				CLANG_WARN_SUSPICIOUS_MOVE = YES;
				CLANG_WARN_UNGUARDED_AVAILABILITY = YES_AGGRESSIVE;
				CLANG_WARN_UNREACHABLE_CODE = YES;
				CLANG_WARN__DUPLICATE_METHOD_MATCH = YES;
				COPY_PHASE_STRIP = NO;
				CURRENT_PROJECT_VERSION = 1;
				DEBUG_INFORMATION_FORMAT = dwarf;
				DEVELOPMENT_TEAM = PFT954M73N;
				ENABLE_STRICT_OBJC_MSGSEND = YES;
				ENABLE_TESTABILITY = YES;
				GCC_C_LANGUAGE_STANDARD = gnu11;
				GCC_DYNAMIC_NO_PIC = NO;
				GCC_NO_COMMON_BLOCKS = YES;
				GCC_OPTIMIZATION_LEVEL = 0;
				GCC_PREPROCESSOR_DEFINITIONS = (
					"$(inherited)",
					"DEBUG=1",
				);
				GCC_WARN_64_TO_32_BIT_CONVERSION = YES;
				GCC_WARN_ABOUT_RETURN_TYPE = YES_ERROR;
				GCC_WARN_UNDECLARED_SELECTOR = YES;
				GCC_WARN_UNINITIALIZED_AUTOS = YES_AGGRESSIVE;
				GCC_WARN_UNUSED_FUNCTION = YES;
				GCC_WARN_UNUSED_VARIABLE = YES;
				IPHONEOS_DEPLOYMENT_TARGET = 15.0;
				MACOSX_DEPLOYMENT_TARGET = 13.0;
				MTL_ENABLE_DEBUG_INFO = INCLUDE_SOURCE;
				MTL_FAST_MATH = YES;
				ONLY_ACTIVE_ARCH = YES;
				PRODUCT_NAME = "$(TARGET_NAME)";
				SWIFT_ACTIVE_COMPILATION_CONDITIONS = DEBUG;
				SWIFT_OPTIMIZATION_LEVEL = "-Onone";
				SWIFT_VERSION = 5.0;
			};
			name = Debug;
		};
		D0AA880913E95AAB713BFF49 /* Debug */ = {
			isa = XCBuildConfiguration;
			buildSettings = {
				CODE_SIGN_STYLE = Automatic;
				INFOPLIST_FILE = "iOS (Extension)/Info.plist";
				LD_RUNPATH_SEARCH_PATHS = (
					"$(inherited)",
					"@executable_path/Frameworks",
					"@executable_path/../../Frameworks",
				);
				PRODUCT_BUNDLE_IDENTIFIER = "com.mattwagner.feedless-safari.Extension";
				PRODUCT_NAME = "FeedlessSafari Extension";
				SDKROOT = iphoneos;
				TARGETED_DEVICE_FAMILY = "1,2";
			};
			name = Debug;
		};
/* End XCBuildConfiguration section */

/* Begin XCConfigurationList section */
		1A11B4276399B49DB03D8FD2 /* Build configuration list for PBXNativeTarget "FeedlessSafari macOS" */ = {
			isa = XCConfigurationList;
			buildConfigurations = (
				68350882B3F24B6002B8919C /* Debug */,
				A92C3484E67996537A835ECF /* Release */,
			);
			defaultConfigurationIsVisible = 0;
			defaultConfigurationName = Debug;
		};
		2731DFE88D0B8F6048AED922 /* Build configuration list for PBXNativeTarget "FeedlessSafari macOS Extension" */ = {
			isa = XCConfigurationList;
			buildConfigurations = (
				88644BC653CB64F24C9BA414 /* Debug */,
				84DF9A8F8AF4812D36C463CA /* Release */,
			);
			defaultConfigurationIsVisible = 0;
			defaultConfigurationName = Debug;
		};
		3E8F2F1655C0A8459C867D99 /* Build configuration list for PBXNativeTarget "FeedlessSafari iOS" */ = {
			isa = XCConfigurationList;
			buildConfigurations = (
				68BCACAD6FF1705D3C5B1293 /* Debug */,
				333679ADDFF1A258B9DD2FCD /* Release */,
			);
			defaultConfigurationIsVisible = 0;
			defaultConfigurationName = Debug;
		};
		BF446F70E6C10D220A9B742B /* Build configuration list for PBXProject "FeedlessSafari" */ = {
			isa = XCConfigurationList;
			buildConfigurations = (
				C01E0474955FCAE21C9D6CE5 /* Debug */,
				6424F5DA2CCBA1EBF087796D /* Release */,
			);
			defaultConfigurationIsVisible = 0;
			defaultConfigurationName = Debug;
		};
		CAF05BBD58F61136F9557012 /* Build configuration list for PBXNativeTarget "FeedlessSafari iOS Extension" */ = {
			isa = XCConfigurationList;
			buildConfigurations = (
				D0AA880913E95AAB713BFF49 /* Debug */,
				6092833FBA6567950A5813FD /* Release */,
			);
			defaultConfigurationIsVisible = 0;
			defaultConfigurationName = Debug;
		};
/* End XCConfigurationList section */
	};
	rootObject = 61EED711B08BD71D9B06BF65 /* Project object */;
}
